// !$*UTF8*$!
{
	archiveVersion = 1;
	classes = {
	};
	objectVersion = 50;
	objects = {

/* Begin PBXBuildFile section */
		925A2E05242BF91600BAF464 /* AppDelegate.swift in Sources */ = {isa = PBXBuildFile; fileRef = 925A2E04242BF91600BAF464 /* AppDelegate.swift */; };
		925A2E07242BF91600BAF464 /* SceneDelegate.swift in Sources */ = {isa = PBXBuildFile; fileRef = 925A2E06242BF91600BAF464 /* SceneDelegate.swift */; };
		925A2E09242BF91600BAF464 /* ContentView.swift in Sources */ = {isa = PBXBuildFile; fileRef = 925A2E08242BF91600BAF464 /* ContentView.swift */; };
		925A2E0B242BF91A00BAF464 /* Assets.xcassets in Resources */ = {isa = PBXBuildFile; fileRef = 925A2E0A242BF91A00BAF464 /* Assets.xcassets */; };
		925A2E0E242BF91A00BAF464 /* Preview Assets.xcassets in Resources */ = {isa = PBXBuildFile; fileRef = 925A2E0D242BF91A00BAF464 /* Preview Assets.xcassets */; };
		925A2E11242BF91A00BAF464 /* LaunchScreen.storyboard in Resources */ = {isa = PBXBuildFile; fileRef = 925A2E0F242BF91A00BAF464 /* LaunchScreen.storyboard */; };
/* End PBXBuildFile section */

/* Begin PBXFileReference section */
		925A2E01242BF91600BAF464 /* Fetch JSON demo.app */ = {isa = PBXFileReference; explicitFileType = wrapper.application; includeInIndex = 0; path = "Fetch JSON demo.app"; sourceTree = BUILT_PRODUCTS_DIR; };
		925A2E04242BF91600BAF464 /* AppDelegate.swift */ = {isa = PBXFileReference; lastKnownFileType = sourcecode.swift; path = AppDelegate.swift; sourceTree = "<group>"; };
		925A2E06242BF91600BAF464 /* SceneDelegate.swift */ = {isa = PBXFileReference; lastKnownFileType = sourcecode.swift; path = SceneDelegate.swift; sourceTree = "<group>"; };
		925A2E08242BF91600BAF464 /* ContentView.swift */ = {isa = PBXFileReference; lastKnownFileType = sourcecode.swift; path = ContentView.swift; sourceTree = "<group>"; };
		925A2E0A242BF91A00BAF464 /* Assets.xcassets */ = {isa = PBXFileReference; lastKnownFileType = folder.assetcatalog; path = Assets.xcassets; sourceTree = "<group>"; };
		925A2E0D242BF91A00BAF464 /* Preview Assets.xcassets */ = {isa = PBXFileReference; lastKnownFileType = folder.assetcatalog; path = "Preview Assets.xcassets"; sourceTree = "<group>"; };
		925A2E10242BF91A00BAF464 /* Base */ = {isa = PBXFileReference; lastKnownFileType = file.storyboard; name = Base; path = Base.lproj/LaunchScreen.storyboard; sourceTree = "<group>"; };
		925A2E12242BF91A00BAF464 /* Info.plist */ = {isa = PBXFileReference; lastKnownFileType = text.plist.xml; path = Info.plist; sourceTree = "<group>"; };
/* End PBXFileReference section */

/* Begin PBXFrameworksBuildPhase section */
		925A2DFE242BF91600BAF464 /* Frameworks */ = {
			isa = PBXFrameworksBuildPhase;
			buildActionMask = 2147483647;
			files = (
			);
			runOnlyForDeploymentPostprocessing = 0;
		};
/* End PBXFrameworksBuildPhase section */

/* Begin PBXGroup section */
		925A2DF8242BF91600BAF464 = {
			isa = PBXGroup;
			children = (
				925A2E03242BF91600BAF464 /* Fetch JSON demo */,
				925A2E02242BF91600BAF464 /* Products */,
			);
			sourceTree = "<group>";
		};
		925A2E02242BF91600BAF464 /* Products */ = {
			isa = PBXGroup;
			children = (
				925A2E01242BF91600BAF464 /* Fetch JSON demo.app */,
			);
			name = Products;
			sourceTree = "<group>";
		};
		925A2E03242BF91600BAF464 /* Fetch JSON demo */ = {
			isa = PBXGroup;
			children = (
				925A2E04242BF91600BAF464 /* AppDelegate.swift */,
				925A2E06242BF91600BAF464 /* SceneDelegate.swift */,
				925A2E08242BF91600BAF464 /* ContentView.swift */,
				925A2E0A242BF91A00BAF464 /* Assets.xcassets */,
				925A2E0F242BF91A00BAF464 /* LaunchScreen.storyboard */,
				925A2E12242BF91A00BAF464 /* Info.plist */,
				925A2E0C242BF91A00BAF464 /* Preview Content */,
			);
			path = "Fetch JSON demo";
			sourceTree = "<group>";
		};
		925A2E0C242BF91A00BAF464 /* Preview Content */ = {
			isa = PBXGroup;
			children = (
				925A2E0D242BF91A00BAF464 /* Preview Assets.xcassets */,
			);
			path = "Preview Content";
			sourceTree = "<group>";
		};
/* End PBXGroup section */

/* Begin PBXNativeTarget section */
		925A2E00242BF91600BAF464 /* Fetch JSON demo */ = {
			isa = PBXNativeTarget;
			buildConfigurationList = 925A2E15242BF91A00BAF464 /* Build configuration list for PBXNativeTarget "Fetch JSON demo" */;
			buildPhases = (
				925A2DFD242BF91600BAF464 /* Sources */,
				925A2DFE242BF91600BAF464 /* Frameworks */,
				925A2DFF242BF91600BAF464 /* Resources */,
			);
			buildRules = (
			);
			dependencies = (
			);
			name = "Fetch JSON demo";
			productName = "Fetch JSON demo";
			productReference = 925A2E01242BF91600BAF464 /* Fetch JSON demo.app */;
			productType = "com.apple.product-type.application";
		};
/* End PBXNativeTarget section */

/* Begin PBXProject section */
		925A2DF9242BF91600BAF464 /* Project object */ = {
			isa = PBXProject;
			attributes = {
				LastSwiftUpdateCheck = 1140;
				LastUpgradeCheck = 1140;
				ORGANIZATIONNAME = "jitu Nayak";
				TargetAttributes = {
					925A2E00242BF91600BAF464 = {
						CreatedOnToolsVersion = 11.4;
					};
				};
			};
			buildConfigurationList = 925A2DFC242BF91600BAF464 /* Build configuration list for PBXProject "Fetch JSON demo" */;
			compatibilityVersion = "Xcode 9.3";
			developmentRegion = en;
			hasScannedForEncodings = 0;
			knownRegions = (
				en,
				Base,
			);
			mainGroup = 925A2DF8242BF91600BAF464;
			productRefGroup = 925A2E02242BF91600BAF464 /* Products */;
			projectDirPath = "";
			projectRoot = "";
			targets = (
				925A2E00242BF91600BAF464 /* Fetch JSON demo */,
			);
		};
/* End PBXProject section */

/* Begin PBXResourcesBuildPhase section */
		925A2DFF242BF91600BAF464 /* Resources */ = {
			isa = PBXResourcesBuildPhase;
			buildActionMask = 2147483647;
			files = (
				925A2E11242BF91A00BAF464 /* LaunchScreen.storyboard in Resources */,
				925A2E0E242BF91A00BAF464 /* Preview Assets.xcassets in Resources */,
				925A2E0B242BF91A00BAF464 /* Assets.xcassets in Resources */,
			);
			runOnlyForDeploymentPostprocessing = 0;
		};
/* End PBXResourcesBuildPhase section */

/* Begin PBXSourcesBuildPhase section */
		925A2DFD242BF91600BAF464 /* Sources */ = {
			isa = PBXSourcesBuildPhase;
			buildActionMask = 2147483647;
			files = (
				925A2E05242BF91600BAF464 /* AppDelegate.swift in Sources */,
				925A2E07242BF91600BAF464 /* SceneDelegate.swift in Sources */,
				925A2E09242BF91600BAF464 /* ContentView.swift in Sources */,
			);
			runOnlyForDeploymentPostprocessing = 0;
		};
/* End PBXSourcesBuildPhase section */

/* Begin PBXVariantGroup section */
		925A2E0F242BF91A00BAF464 /* LaunchScreen.storyboard */ = {
			isa = PBXVariantGroup;
			children = (
				925A2E10242BF91A00BAF464 /* Base */,
			);
			name = LaunchScreen.storyboard;
			sourceTree = "<group>";
		};
/* End PBXVariantGroup section */

/* Begin XCBuildConfiguration section */
		925A2E13242BF91A00BAF464 /* Debug */ = {
			isa = XCBuildConfiguration;
			buildSettings = {
				ALWAYS_SEARCH_USER_PATHS = NO;
				CLANG_ANALYZER_NONNULL = YES;
				CLANG_ANALYZER_NUMBER_OBJECT_CONVERSION = YES_AGGRESSIVE;
				CLANG_CXX_LANGUAGE_STANDARD = "gnu++14";
				CLANG_CXX_LIBRARY = "libc++";
				CLANG_ENABLE_MODULES = YES;
				CLANG_ENABLE_OBJC_ARC = YES;
				CLANG_ENABLE_OBJC_WEAK = YES;
				CLANG_WARN_BLOCK_CAPTURE_AUTORELEASING = YES;
				CLANG_WARN_BOOL_CONVERSION = YES;
				CLANG_WARN_COMMA = YES;
				CLANG_WARN_CONSTANT_CONVERSION = YES;
				CLANG_WARN_DEPRECATED_OBJC_IMPLEMENTATIONS = YES;
				CLANG_WARN_DIRECT_OBJC_ISA_USAGE = YES_ERROR;
				CLANG_WARN_DOCUMENTATION_COMMENTS = YES;
				CLANG_WARN_EMPTY_BODY = YES;
				CLANG_WARN_ENUM_CONVERSION = YES;
				CLANG_WARN_INFINITE_RECURSION = YES;
				CLANG_WARN_INT_CONVERSION = YES;
				CLANG_WARN_NON_LITERAL_NULL_CONVERSION = YES;
				CLANG_WARN_OBJC_IMPLICIT_RETAIN_SELF = YES;
				CLANG_WARN_OBJC_LITERAL_CONVERSION = YES;
				CLANG_WARN_OBJC_ROOT_CLASS = YES_ERROR;
				CLANG_WARN_RANGE_LOOP_ANALYSIS = YES;
				CLANG_WARN_STRICT_PROTOTYPES = YES;
				CLANG_WARN_SUSPICIOUS_MOVE = YES;
				CLANG_WARN_UNGUARDED_AVAILABILITY = YES_AGGRESSIVE;
				CLANG_WARN_UNREACHABLE_CODE = YES;
				CLANG_WARN__DUPLICATE_METHOD_MATCH = YES;
				COPY_PHASE_STRIP = NO;
				DEBUG_INFORMATION_FORMAT = dwarf;
				ENABLE_STRICT_OBJC_MSGSEND = YES;
				ENABLE_TESTABILITY = YES;
				GCC_C_LANGUAGE_STANDARD = gnu11;
				GCC_DYNAMIC_NO_PIC = NO;
				GCC_NO_COMMON_BLOCKS = YES;
				GCC_OPTIMIZATION_LEVEL = 0;
				GCC_PREPROCESSOR_DEFINITIONS = (
					"DEBUG=1",
					"$(inherited)",
				);
				GCC_WARN_64_TO_32_BIT_CONVERSION = YES;
				GCC_WARN_ABOUT_RETURN_TYPE = YES_ERROR;
				GCC_WARN_UNDECLARED_SELECTOR = YES;
				GCC_WARN_UNINITIALIZED_AUTOS = YES_AGGRESSIVE;
				GCC_WARN_UNUSED_FUNCTION = YES;
				GCC_WARN_UNUSED_VARIABLE = YES;
				IPHONEOS_DEPLOYMENT_TARGET = 13.4;
				MTL_ENABLE_DEBUG_INFO = INCLUDE_SOURCE;
				MTL_FAST_MATH = YES;
				ONLY_ACTIVE_ARCH = YES;
				SDKROOT = iphoneos;
				SWIFT_ACTIVE_COMPILATION_CONDITIONS = DEBUG;
				SWIFT_OPTIMIZATION_LEVEL = "-Onone";
			};
			name = Debug;
		};
		925A2E14242BF91A00BAF464 /* Release */ = {
			isa = XCBuildConfiguration;
			buildSettings = {
				ALWAYS_SEARCH_USER_PATHS = NO;
				CLANG_ANALYZER_NONNULL = YES;
				CLANG_ANALYZER_NUMBER_OBJECT_CONVERSION = YES_AGGRESSIVE;
				CLANG_CXX_LANGUAGE_STANDARD = "gnu++14";
				CLANG_CXX_LIBRARY = "libc++";
				CLANG_ENABLE_MODULES = YES;
				CLANG_ENABLE_OBJC_ARC = YES;
				CLANG_ENABLE_OBJC_WEAK = YES;
				CLANG_WARN_BLOCK_CAPTURE_AUTORELEASING = YES;
				CLANG_WARN_BOOL_CONVERSION = YES;
				CLANG_WARN_COMMA = YES;
				CLANG_WARN_CONSTANT_CONVERSION = YES;
				CLANG_WARN_DEPRECATED_OBJC_IMPLEMENTATIONS = YES;
				CLANG_WARN_DIRECT_OBJC_ISA_USAGE = YES_ERROR;
				CLANG_WARN_DOCUMENTATION_COMMENTS = YES;
				CLANG_WARN_EMPTY_BODY = YES;
				CLANG_WARN_ENUM_CONVERSION = YES;
				CLANG_WARN_INFINITE_RECURSION = YES;
				CLANG_WARN_INT_CONVERSION = YES;
				CLANG_WARN_NON_LITERAL_NULL_CONVERSION = YES;
				CLANG_WARN_OBJC_IMPLICIT_RETAIN_SELF = YES;
				CLANG_WARN_OBJC_LITERAL_CONVERSION = YES;
				CLANG_WARN_OBJC_ROOT_CLASS = YES_ERROR;
				CLANG_WARN_RANGE_LOOP_ANALYSIS = YES;
				CLANG_WARN_STRICT_PROTOTYPES = YES;
				CLANG_WARN_SUSPICIOUS_MOVE = YES;
				CLANG_WARN_UNGUARDED_AVAILABILITY = YES_AGGRESSIVE;
				CLANG_WARN_UNREACHABLE_CODE = YES;
				CLANG_WARN__DUPLICATE_METHOD_MATCH = YES;
				COPY_PHASE_STRIP = NO;
				DEBUG_INFORMATION_FORMAT = "dwarf-with-dsym";
				ENABLE_NS_ASSERTIONS = NO;
				ENABLE_STRICT_OBJC_MSGSEND = YES;
				GCC_C_LANGUAGE_STANDARD = gnu11;
				GCC_NO_COMMON_BLOCKS = YES;
				GCC_WARN_64_TO_32_BIT_CONVERSION = YES;
				GCC_WARN_ABOUT_RETURN_TYPE = YES_ERROR;
				GCC_WARN_UNDECLARED_SELECTOR = YES;
				GCC_WARN_UNINITIALIZED_AUTOS = YES_AGGRESSIVE;
				GCC_WARN_UNUSED_FUNCTION = YES;
				GCC_WARN_UNUSED_VARIABLE = YES;
				IPHONEOS_DEPLOYMENT_TARGET = 13.4;
				MTL_ENABLE_DEBUG_INFO = NO;
				MTL_FAST_MATH = YES;
				SDKROOT = iphoneos;
				SWIFT_COMPILATION_MODE = wholemodule;
				SWIFT_OPTIMIZATION_LEVEL = "-O";
				VALIDATE_PRODUCT = YES;
			};
			name = Release;
		};
		925A2E16242BF91A00BAF464 /* Debug */ = {
			isa = XCBuildConfiguration;
			buildSettings = {
				ASSETCATALOG_COMPILER_APPICON_NAME = AppIcon;
				CODE_SIGN_STYLE = Automatic;
				DEVELOPMENT_ASSET_PATHS = "\"Fetch JSON demo/Preview Content\"";
				ENABLE_PREVIEWS = YES;
				INFOPLIST_FILE = "Fetch JSON demo/Info.plist";
				LD_RUNPATH_SEARCH_PATHS = (
					"$(inherited)",
					"@executable_path/Frameworks",
				);
				PRODUCT_BUNDLE_IDENTIFIER = "jitu.Fetch-JSON-demo";
				PRODUCT_NAME = "$(TARGET_NAME)";
				SWIFT_VERSION = 5.0;
				TARGETED_DEVICE_FAMILY = "1,2";
			};
			name = Debug;
		};
		925A2E17242BF91A00BAF464 /* Release */ = {
			isa = XCBuildConfiguration;
			buildSettings = {
				ASSETCATALOG_COMPILER_APPICON_NAME = AppIcon;
				CODE_SIGN_STYLE = Automatic;
				DEVELOPMENT_ASSET_PATHS = "\"Fetch JSON demo/Preview Content\"";
				ENABLE_PREVIEWS = YES;
				INFOPLIST_FILE = "Fetch JSON demo/Info.plist";
				LD_RUNPATH_SEARCH_PATHS = (
					"$(inherited)",
					"@executable_path/Frameworks",
				);
				PRODUCT_BUNDLE_IDENTIFIER = "jitu.Fetch-JSON-demo";
				PRODUCT_NAME = "$(TARGET_NAME)";
				SWIFT_VERSION = 5.0;
				TARGETED_DEVICE_FAMILY = "1,2";
			};
			name = Release;
		};
/* End XCBuildConfiguration section */

/* Begin XCConfigurationList section */
		925A2DFC242BF91600BAF464 /* Build configuration list for PBXProject "Fetch JSON demo" */ = {
			isa = XCConfigurationList;
			buildConfigurations = (
				925A2E13242BF91A00BAF464 /* Debug */,
				925A2E14242BF91A00BAF464 /* Release */,
			);
			defaultConfigurationIsVisible = 0;
			defaultConfigurationName = Release;
		};
		925A2E15242BF91A00BAF464 /* Build configuration list for PBXNativeTarget "Fetch JSON demo" */ = {
			isa = XCConfigurationList;
			buildConfigurations = (
				925A2E16242BF91A00BAF464 /* Debug */,
				925A2E17242BF91A00BAF464 /* Release */,
			);
			defaultConfigurationIsVisible = 0;
			defaultConfigurationName = Release;
		};
/* End XCConfigurationList section */
	};
	rootObject = 925A2DF9242BF91600BAF464 /* Project object */;
}
